
Microsoft Visual Studio Solution File, Format Version 12.00
# Visual Studio Version 17
VisualStudioVersion = 17.9.34728.123
MinimumVisualStudioVersion = 10.0.40219.1
Project("{FAE04EC0-301F-11D3-BF4B-00C04F79EFBC}") = "Rawa Almaraghi", "Rawa Almaraghi.csproj", "{F256986B-92DD-4D49-8D20-4F7FA7EC9EFC}"
EndProject
Global
	GlobalSection(SolutionConfigurationPlatforms) = preSolution
		Debug|Any CPU = Debug|Any CPU
		Release|Any CPU = Release|Any CPU
	EndGlobalSection
	GlobalSection(ProjectConfigurationPlatforms) = postSolution
		{F256986B-92DD-4D49-8D20-4F7FA7EC9EFC}.Debug|Any CPU.ActiveCfg = Debug|Any CPU
		{F256986B-92DD-4D49-8D20-4F7FA7EC9EFC}.Debug|Any CPU.Build.0 = Debug|Any CPU
		{F256986B-92DD-4D49-8D20-4F7FA7EC9EFC}.Release|Any CPU.ActiveCfg = Release|Any CPU
		{F256986B-92DD-4D49-8D20-4F7FA7EC9EFC}.Release|Any CPU.Build.0 = Release|Any CPU
	EndGlobalSection
	GlobalSection(SolutionProperties) = preSolution
		HideSolutionNode = FALSE
	EndGlobalSection
	GlobalSection(ExtensibilityGlobals) = postSolution
		SolutionGuid = {7ADF477A-0652-449C-970C-24F1557F4876}
	EndGlobalSection
EndGlobal
